{
  "version": 4,
  "terraform_version": "1.6.6",
  "serial": 36,
  "lineage": "f10ce00e-10b5-9f8e-cecd-b28305cb1534",
  "outputs": {},
  "resources": [
    {
      "module": "module.network.module.resource_group",
      "mode": "managed",
      "type": "azurerm_resource_group",
      "name": "network_rg",
      "provider": "provider[\"registry.terraform.io/hashicorp/azurerm\"]",
      "instances": [
        {
          "schema_version": 0,
          "attributes": {
            "id": "/subscriptions/eea0c124-f3fc-4434-9405-27b34384b23c/resourceGroups/network_rg",
            "location": "canadaeast",
            "managed_by": "",
            "name": "network_rg",
            "tags": {},
            "timeouts": null
          },
          "sensitive_attributes": [],
          "private": "eyJlMmJmYjczMC1lY2FhLTExZTYtOGY4OC0zNDM2M2JjN2M0YzAiOnsiY3JlYXRlIjo1NDAwMDAwMDAwMDAwLCJkZWxldGUiOjU0MDAwMDAwMDAwMDAsInJlYWQiOjMwMDAwMDAwMDAwMCwidXBkYXRlIjo1NDAwMDAwMDAwMDAwfX0="
        }
      ]
    }
  ],
  "check_results": null
}
